
Microsoft Visual Studio Solution File, Format Version 12.00
# Visual Studio Version 16
VisualStudioVersion = 16.0.31410.357
MinimumVisualStudioVersion = 10.0.40219.1
Project("{9A19103F-16F7-4668-BE54-9A1E7A4F7556}") = "ConsoleApp01", "ConsoleApp01\ConsoleApp01.csproj", "{C7BA0890-FD41-4F08-8A4E-471E738D4B98}"
EndProject
Project("{9A19103F-16F7-4668-BE54-9A1E7A4F7556}") = "ServiceBusReceiver", "ServiceBusReceiver\ServiceBusReceiver.csproj", "{DEE56FEB-0066-4F00-9C1C-0444B112EBF6}"
EndProject
Project("{9A19103F-16F7-4668-BE54-9A1E7A4F7556}") = "ServiceBusSender", "ServiceBusSender\ServiceBusSender.csproj", "{AD708074-C0AD-4072-AA3D-6FC57546BDD1}"
EndProject
Project("{FAE04EC0-301F-11D3-BF4B-00C04F79EFBC}") = "DataSyncTool", "DataSyncTool\DataSyncTool.csproj", "{0473A998-76D9-4554-9DC1-6367DA276E27}"
EndProject
Global
	GlobalSection(SolutionConfigurationPlatforms) = preSolution
		Debug|Any CPU = Debug|Any CPU
		Release|Any CPU = Release|Any CPU
	EndGlobalSection
	GlobalSection(ProjectConfigurationPlatforms) = postSolution
		{C7BA0890-FD41-4F08-8A4E-471E738D4B98}.Debug|Any CPU.ActiveCfg = Debug|Any CPU
		{C7BA0890-FD41-4F08-8A4E-471E738D4B98}.Debug|Any CPU.Build.0 = Debug|Any CPU
		{C7BA0890-FD41-4F08-8A4E-471E738D4B98}.Release|Any CPU.ActiveCfg = Release|Any CPU
		{C7BA0890-FD41-4F08-8A4E-471E738D4B98}.Release|Any CPU.Build.0 = Release|Any CPU
		{DEE56FEB-0066-4F00-9C1C-0444B112EBF6}.Debug|Any CPU.ActiveCfg = Debug|Any CPU
		{DEE56FEB-0066-4F00-9C1C-0444B112EBF6}.Debug|Any CPU.Build.0 = Debug|Any CPU
		{DEE56FEB-0066-4F00-9C1C-0444B112EBF6}.Release|Any CPU.ActiveCfg = Release|Any CPU
		{DEE56FEB-0066-4F00-9C1C-0444B112EBF6}.Release|Any CPU.Build.0 = Release|Any CPU
		{AD708074-C0AD-4072-AA3D-6FC57546BDD1}.Debug|Any CPU.ActiveCfg = Debug|Any CPU
		{AD708074-C0AD-4072-AA3D-6FC57546BDD1}.Debug|Any CPU.Build.0 = Debug|Any CPU
		{AD708074-C0AD-4072-AA3D-6FC57546BDD1}.Release|Any CPU.ActiveCfg = Release|Any CPU
		{AD708074-C0AD-4072-AA3D-6FC57546BDD1}.Release|Any CPU.Build.0 = Release|Any CPU
		{0473A998-76D9-4554-9DC1-6367DA276E27}.Debug|Any CPU.ActiveCfg = Debug|Any CPU
		{0473A998-76D9-4554-9DC1-6367DA276E27}.Debug|Any CPU.Build.0 = Debug|Any CPU
		{0473A998-76D9-4554-9DC1-6367DA276E27}.Release|Any CPU.ActiveCfg = Release|Any CPU
		{0473A998-76D9-4554-9DC1-6367DA276E27}.Release|Any CPU.Build.0 = Release|Any CPU
	EndGlobalSection
	GlobalSection(SolutionProperties) = preSolution
		HideSolutionNode = FALSE
	EndGlobalSection
	GlobalSection(ExtensibilityGlobals) = postSolution
		SolutionGuid = {E1967F03-496C-445B-8433-D269AE099B60}
	EndGlobalSection
EndGlobal
